# Prisma Migrate lockfile v1

20200722005203-init
20200722155045-deleted-at
20200722162729-names
20200722163155-optional
20200722181259-table
20200723212851-multicart
20200817170940-stripe_cust_id
20200817173559-paid-status
20200822180102-no-cart
20200822180220-no-cart
20200822185001-order-soft-delete
20200902171325-address
20200902171556-address
20200902171629-address
20200902173520-multiple
20200906073943-default-addr